// !$*UTF8*$!
{
	archiveVersion = 1;
	classes = {
	};
	objectVersion = 50;
	objects = {

/* Begin PBXBuildFile section */
		CB50F18924E91C8F0039FAB3 /* AppDelegate.swift in Sources */ = {isa = PBXBuildFile; fileRef = CB50F18824E91C8F0039FAB3 /* AppDelegate.swift */; };
		CB50F18B24E91C8F0039FAB3 /* SceneDelegate.swift in Sources */ = {isa = PBXBuildFile; fileRef = CB50F18A24E91C8F0039FAB3 /* SceneDelegate.swift */; };
		CB50F18D24E91C8F0039FAB3 /* EmojiMemoryGameView.swift in Sources */ = {isa = PBXBuildFile; fileRef = CB50F18C24E91C8F0039FAB3 /* EmojiMemoryGameView.swift */; };
		CB50F18F24E91C910039FAB3 /* Assets.xcassets in Resources */ = {isa = PBXBuildFile; fileRef = CB50F18E24E91C910039FAB3 /* Assets.xcassets */; };
		CB50F19224E91C910039FAB3 /* Preview Assets.xcassets in Resources */ = {isa = PBXBuildFile; fileRef = CB50F19124E91C910039FAB3 /* Preview Assets.xcassets */; };
		CB50F19524E91C910039FAB3 /* LaunchScreen.storyboard in Resources */ = {isa = PBXBuildFile; fileRef = CB50F19324E91C910039FAB3 /* LaunchScreen.storyboard */; };
		CB50F19D24E92B190039FAB3 /* MemoryGame.swift in Sources */ = {isa = PBXBuildFile; fileRef = CB50F19C24E92B190039FAB3 /* MemoryGame.swift */; };
		CB50F19F24E92CA30039FAB3 /* EmojiMemoryGame.swift in Sources */ = {isa = PBXBuildFile; fileRef = CB50F19E24E92CA30039FAB3 /* EmojiMemoryGame.swift */; };
		CB58997124E970D7001BB5E1 /* Grid.swift in Sources */ = {isa = PBXBuildFile; fileRef = CB58997024E970D7001BB5E1 /* Grid.swift */; };
		CB58997324E974BA001BB5E1 /* GridLayout.swift in Sources */ = {isa = PBXBuildFile; fileRef = CB58997224E974BA001BB5E1 /* GridLayout.swift */; };
		CB58997524E97831001BB5E1 /* Array+Identifiable.swift in Sources */ = {isa = PBXBuildFile; fileRef = CB58997424E97831001BB5E1 /* Array+Identifiable.swift */; };
		CB58997724E9828E001BB5E1 /* Array+Only.swift in Sources */ = {isa = PBXBuildFile; fileRef = CB58997624E9828E001BB5E1 /* Array+Only.swift */; };
		CB58997924E9A660001BB5E1 /* Default-568h@2x.png in Resources */ = {isa = PBXBuildFile; fileRef = CB58997824E9A660001BB5E1 /* Default-568h@2x.png */; };
/* End PBXBuildFile section */

/* Begin PBXFileReference section */
		CB50F18524E91C8F0039FAB3 /* cs193p-swiftui.app */ = {isa = PBXFileReference; explicitFileType = wrapper.application; includeInIndex = 0; path = "cs193p-swiftui.app"; sourceTree = BUILT_PRODUCTS_DIR; };
		CB50F18824E91C8F0039FAB3 /* AppDelegate.swift */ = {isa = PBXFileReference; lastKnownFileType = sourcecode.swift; path = AppDelegate.swift; sourceTree = "<group>"; };
		CB50F18A24E91C8F0039FAB3 /* SceneDelegate.swift */ = {isa = PBXFileReference; lastKnownFileType = sourcecode.swift; path = SceneDelegate.swift; sourceTree = "<group>"; };
		CB50F18C24E91C8F0039FAB3 /* EmojiMemoryGameView.swift */ = {isa = PBXFileReference; lastKnownFileType = sourcecode.swift; path = EmojiMemoryGameView.swift; sourceTree = "<group>"; };
		CB50F18E24E91C910039FAB3 /* Assets.xcassets */ = {isa = PBXFileReference; lastKnownFileType = folder.assetcatalog; path = Assets.xcassets; sourceTree = "<group>"; };
		CB50F19124E91C910039FAB3 /* Preview Assets.xcassets */ = {isa = PBXFileReference; lastKnownFileType = folder.assetcatalog; path = "Preview Assets.xcassets"; sourceTree = "<group>"; };
		CB50F19424E91C910039FAB3 /* Base */ = {isa = PBXFileReference; lastKnownFileType = file.storyboard; name = Base; path = Base.lproj/LaunchScreen.storyboard; sourceTree = "<group>"; };
		CB50F19624E91C910039FAB3 /* Info.plist */ = {isa = PBXFileReference; lastKnownFileType = text.plist.xml; path = Info.plist; sourceTree = "<group>"; };
		CB50F19C24E92B190039FAB3 /* MemoryGame.swift */ = {isa = PBXFileReference; lastKnownFileType = sourcecode.swift; path = MemoryGame.swift; sourceTree = "<group>"; };
		CB50F19E24E92CA30039FAB3 /* EmojiMemoryGame.swift */ = {isa = PBXFileReference; lastKnownFileType = sourcecode.swift; path = EmojiMemoryGame.swift; sourceTree = "<group>"; };
		CB58997024E970D7001BB5E1 /* Grid.swift */ = {isa = PBXFileReference; lastKnownFileType = sourcecode.swift; path = Grid.swift; sourceTree = "<group>"; };
		CB58997224E974BA001BB5E1 /* GridLayout.swift */ = {isa = PBXFileReference; fileEncoding = 4; lastKnownFileType = sourcecode.swift; path = GridLayout.swift; sourceTree = "<group>"; };
		CB58997424E97831001BB5E1 /* Array+Identifiable.swift */ = {isa = PBXFileReference; lastKnownFileType = sourcecode.swift; path = "Array+Identifiable.swift"; sourceTree = "<group>"; };
		CB58997624E9828E001BB5E1 /* Array+Only.swift */ = {isa = PBXFileReference; lastKnownFileType = sourcecode.swift; path = "Array+Only.swift"; sourceTree = "<group>"; };
		CB58997824E9A660001BB5E1 /* Default-568h@2x.png */ = {isa = PBXFileReference; lastKnownFileType = image.png; path = "Default-568h@2x.png"; sourceTree = "<group>"; };
/* End PBXFileReference section */

/* Begin PBXFrameworksBuildPhase section */
		CB50F18224E91C8F0039FAB3 /* Frameworks */ = {
			isa = PBXFrameworksBuildPhase;
			buildActionMask = 2147483647;
			files = (
			);
			runOnlyForDeploymentPostprocessing = 0;
		};
/* End PBXFrameworksBuildPhase section */

/* Begin PBXGroup section */
		CB50F17C24E91C8F0039FAB3 = {
			isa = PBXGroup;
			children = (
				CB58997824E9A660001BB5E1 /* Default-568h@2x.png */,
				CB50F18724E91C8F0039FAB3 /* cs193p-swiftui */,
				CB50F18624E91C8F0039FAB3 /* Products */,
			);
			sourceTree = "<group>";
		};
		CB50F18624E91C8F0039FAB3 /* Products */ = {
			isa = PBXGroup;
			children = (
				CB50F18524E91C8F0039FAB3 /* cs193p-swiftui.app */,
			);
			name = Products;
			sourceTree = "<group>";
		};
		CB50F18724E91C8F0039FAB3 /* cs193p-swiftui */ = {
			isa = PBXGroup;
			children = (
				CB50F19C24E92B190039FAB3 /* MemoryGame.swift */,
				CB58997624E9828E001BB5E1 /* Array+Only.swift */,
				CB58997424E97831001BB5E1 /* Array+Identifiable.swift */,
				CB50F19E24E92CA30039FAB3 /* EmojiMemoryGame.swift */,
				CB50F18824E91C8F0039FAB3 /* AppDelegate.swift */,
				CB50F18A24E91C8F0039FAB3 /* SceneDelegate.swift */,
				CB50F18C24E91C8F0039FAB3 /* EmojiMemoryGameView.swift */,
				CB58997224E974BA001BB5E1 /* GridLayout.swift */,
				CB58997024E970D7001BB5E1 /* Grid.swift */,
				CB50F18E24E91C910039FAB3 /* Assets.xcassets */,
				CB50F19324E91C910039FAB3 /* LaunchScreen.storyboard */,
				CB50F19624E91C910039FAB3 /* Info.plist */,
				CB50F19024E91C910039FAB3 /* Preview Content */,
			);
			path = "cs193p-swiftui";
			sourceTree = "<group>";
		};
		CB50F19024E91C910039FAB3 /* Preview Content */ = {
			isa = PBXGroup;
			children = (
				CB50F19124E91C910039FAB3 /* Preview Assets.xcassets */,
			);
			path = "Preview Content";
			sourceTree = "<group>";
		};
/* End PBXGroup section */

/* Begin PBXNativeTarget section */
		CB50F18424E91C8F0039FAB3 /* cs193p-swiftui */ = {
			isa = PBXNativeTarget;
			buildConfigurationList = CB50F19924E91C910039FAB3 /* Build configuration list for PBXNativeTarget "cs193p-swiftui" */;
			buildPhases = (
				CB50F18124E91C8F0039FAB3 /* Sources */,
				CB50F18224E91C8F0039FAB3 /* Frameworks */,
				CB50F18324E91C8F0039FAB3 /* Resources */,
			);
			buildRules = (
			);
			dependencies = (
			);
			name = "cs193p-swiftui";
			productName = CS193p;
			productReference = CB50F18524E91C8F0039FAB3 /* cs193p-swiftui.app */;
			productType = "com.apple.product-type.application";
		};
/* End PBXNativeTarget section */

/* Begin PBXProject section */
		CB50F17D24E91C8F0039FAB3 /* Project object */ = {
			isa = PBXProject;
			attributes = {
				LastSwiftUpdateCheck = 1160;
				LastUpgradeCheck = 1160;
				ORGANIZATIONNAME = "Igor Kim";
				TargetAttributes = {
					CB50F18424E91C8F0039FAB3 = {
						CreatedOnToolsVersion = 11.6;
					};
				};
			};
			buildConfigurationList = CB50F18024E91C8F0039FAB3 /* Build configuration list for PBXProject "cs193p-swiftui" */;
			compatibilityVersion = "Xcode 9.3";
			developmentRegion = en;
			hasScannedForEncodings = 0;
			knownRegions = (
				en,
				Base,
			);
			mainGroup = CB50F17C24E91C8F0039FAB3;
			productRefGroup = CB50F18624E91C8F0039FAB3 /* Products */;
			projectDirPath = "";
			projectRoot = "";
			targets = (
				CB50F18424E91C8F0039FAB3 /* cs193p-swiftui */,
			);
		};
/* End PBXProject section */

/* Begin PBXResourcesBuildPhase section */
		CB50F18324E91C8F0039FAB3 /* Resources */ = {
			isa = PBXResourcesBuildPhase;
			buildActionMask = 2147483647;
			files = (
				CB50F19524E91C910039FAB3 /* LaunchScreen.storyboard in Resources */,
				CB58997924E9A660001BB5E1 /* Default-568h@2x.png in Resources */,
				CB50F19224E91C910039FAB3 /* Preview Assets.xcassets in Resources */,
				CB50F18F24E91C910039FAB3 /* Assets.xcassets in Resources */,
			);
			runOnlyForDeploymentPostprocessing = 0;
		};
/* End PBXResourcesBuildPhase section */

/* Begin PBXSourcesBuildPhase section */
		CB50F18124E91C8F0039FAB3 /* Sources */ = {
			isa = PBXSourcesBuildPhase;
			buildActionMask = 2147483647;
			files = (
				CB50F18924E91C8F0039FAB3 /* AppDelegate.swift in Sources */,
				CB50F18B24E91C8F0039FAB3 /* SceneDelegate.swift in Sources */,
				CB50F19D24E92B190039FAB3 /* MemoryGame.swift in Sources */,
				CB58997724E9828E001BB5E1 /* Array+Only.swift in Sources */,
				CB50F18D24E91C8F0039FAB3 /* EmojiMemoryGameView.swift in Sources */,
				CB50F19F24E92CA30039FAB3 /* EmojiMemoryGame.swift in Sources */,
				CB58997524E97831001BB5E1 /* Array+Identifiable.swift in Sources */,
				CB58997324E974BA001BB5E1 /* GridLayout.swift in Sources */,
				CB58997124E970D7001BB5E1 /* Grid.swift in Sources */,
			);
			runOnlyForDeploymentPostprocessing = 0;
		};
/* End PBXSourcesBuildPhase section */

/* Begin PBXVariantGroup section */
		CB50F19324E91C910039FAB3 /* LaunchScreen.storyboard */ = {
			isa = PBXVariantGroup;
			children = (
				CB50F19424E91C910039FAB3 /* Base */,
			);
			name = LaunchScreen.storyboard;
			sourceTree = "<group>";
		};
/* End PBXVariantGroup section */

/* Begin XCBuildConfiguration section */
		CB50F19724E91C910039FAB3 /* Debug */ = {
			isa = XCBuildConfiguration;
			buildSettings = {
				ALWAYS_SEARCH_USER_PATHS = NO;
				CLANG_ANALYZER_NONNULL = YES;
				CLANG_ANALYZER_NUMBER_OBJECT_CONVERSION = YES_AGGRESSIVE;
				CLANG_CXX_LANGUAGE_STANDARD = "gnu++14";
				CLANG_CXX_LIBRARY = "libc++";
				CLANG_ENABLE_MODULES = YES;
				CLANG_ENABLE_OBJC_ARC = YES;
				CLANG_ENABLE_OBJC_WEAK = YES;
				CLANG_WARN_BLOCK_CAPTURE_AUTORELEASING = YES;
				CLANG_WARN_BOOL_CONVERSION = YES;
				CLANG_WARN_COMMA = YES;
				CLANG_WARN_CONSTANT_CONVERSION = YES;
				CLANG_WARN_DEPRECATED_OBJC_IMPLEMENTATIONS = YES;
				CLANG_WARN_DIRECT_OBJC_ISA_USAGE = YES_ERROR;
				CLANG_WARN_DOCUMENTATION_COMMENTS = YES;
				CLANG_WARN_EMPTY_BODY = YES;
				CLANG_WARN_ENUM_CONVERSION = YES;
				CLANG_WARN_INFINITE_RECURSION = YES;
				CLANG_WARN_INT_CONVERSION = YES;
				CLANG_WARN_NON_LITERAL_NULL_CONVERSION = YES;
				CLANG_WARN_OBJC_IMPLICIT_RETAIN_SELF = YES;
				CLANG_WARN_OBJC_LITERAL_CONVERSION = YES;
				CLANG_WARN_OBJC_ROOT_CLASS = YES_ERROR;
				CLANG_WARN_RANGE_LOOP_ANALYSIS = YES;
				CLANG_WARN_STRICT_PROTOTYPES = YES;
				CLANG_WARN_SUSPICIOUS_MOVE = YES;
				CLANG_WARN_UNGUARDED_AVAILABILITY = YES_AGGRESSIVE;
				CLANG_WARN_UNREACHABLE_CODE = YES;
				CLANG_WARN__DUPLICATE_METHOD_MATCH = YES;
				COPY_PHASE_STRIP = NO;
				DEBUG_INFORMATION_FORMAT = dwarf;
				ENABLE_STRICT_OBJC_MSGSEND = YES;
				ENABLE_TESTABILITY = YES;
				GCC_C_LANGUAGE_STANDARD = gnu11;
				GCC_DYNAMIC_NO_PIC = NO;
				GCC_NO_COMMON_BLOCKS = YES;
				GCC_OPTIMIZATION_LEVEL = 0;
				GCC_PREPROCESSOR_DEFINITIONS = (
					"DEBUG=1",
					"$(inherited)",
				);
				GCC_WARN_64_TO_32_BIT_CONVERSION = YES;
				GCC_WARN_ABOUT_RETURN_TYPE = YES_ERROR;
				GCC_WARN_UNDECLARED_SELECTOR = YES;
				GCC_WARN_UNINITIALIZED_AUTOS = YES_AGGRESSIVE;
				GCC_WARN_UNUSED_FUNCTION = YES;
				GCC_WARN_UNUSED_VARIABLE = YES;
				IPHONEOS_DEPLOYMENT_TARGET = 13.6;
				MTL_ENABLE_DEBUG_INFO = INCLUDE_SOURCE;
				MTL_FAST_MATH = YES;
				ONLY_ACTIVE_ARCH = YES;
				SDKROOT = iphoneos;
				SWIFT_ACTIVE_COMPILATION_CONDITIONS = DEBUG;
				SWIFT_OPTIMIZATION_LEVEL = "-Onone";
			};
			name = Debug;
		};
		CB50F19824E91C910039FAB3 /* Release */ = {
			isa = XCBuildConfiguration;
			buildSettings = {
				ALWAYS_SEARCH_USER_PATHS = NO;
				CLANG_ANALYZER_NONNULL = YES;
				CLANG_ANALYZER_NUMBER_OBJECT_CONVERSION = YES_AGGRESSIVE;
				CLANG_CXX_LANGUAGE_STANDARD = "gnu++14";
				CLANG_CXX_LIBRARY = "libc++";
				CLANG_ENABLE_MODULES = YES;
				CLANG_ENABLE_OBJC_ARC = YES;
				CLANG_ENABLE_OBJC_WEAK = YES;
				CLANG_WARN_BLOCK_CAPTURE_AUTORELEASING = YES;
				CLANG_WARN_BOOL_CONVERSION = YES;
				CLANG_WARN_COMMA = YES;
				CLANG_WARN_CONSTANT_CONVERSION = YES;
				CLANG_WARN_DEPRECATED_OBJC_IMPLEMENTATIONS = YES;
				CLANG_WARN_DIRECT_OBJC_ISA_USAGE = YES_ERROR;
				CLANG_WARN_DOCUMENTATION_COMMENTS = YES;
				CLANG_WARN_EMPTY_BODY = YES;
				CLANG_WARN_ENUM_CONVERSION = YES;
				CLANG_WARN_INFINITE_RECURSION = YES;
				CLANG_WARN_INT_CONVERSION = YES;
				CLANG_WARN_NON_LITERAL_NULL_CONVERSION = YES;
				CLANG_WARN_OBJC_IMPLICIT_RETAIN_SELF = YES;
				CLANG_WARN_OBJC_LITERAL_CONVERSION = YES;
				CLANG_WARN_OBJC_ROOT_CLASS = YES_ERROR;
				CLANG_WARN_RANGE_LOOP_ANALYSIS = YES;
				CLANG_WARN_STRICT_PROTOTYPES = YES;
				CLANG_WARN_SUSPICIOUS_MOVE = YES;
				CLANG_WARN_UNGUARDED_AVAILABILITY = YES_AGGRESSIVE;
				CLANG_WARN_UNREACHABLE_CODE = YES;
				CLANG_WARN__DUPLICATE_METHOD_MATCH = YES;
				COPY_PHASE_STRIP = NO;
				DEBUG_INFORMATION_FORMAT = "dwarf-with-dsym";
				ENABLE_NS_ASSERTIONS = NO;
				ENABLE_STRICT_OBJC_MSGSEND = YES;
				GCC_C_LANGUAGE_STANDARD = gnu11;
				GCC_NO_COMMON_BLOCKS = YES;
				GCC_WARN_64_TO_32_BIT_CONVERSION = YES;
				GCC_WARN_ABOUT_RETURN_TYPE = YES_ERROR;
				GCC_WARN_UNDECLARED_SELECTOR = YES;
				GCC_WARN_UNINITIALIZED_AUTOS = YES_AGGRESSIVE;
				GCC_WARN_UNUSED_FUNCTION = YES;
				GCC_WARN_UNUSED_VARIABLE = YES;
				IPHONEOS_DEPLOYMENT_TARGET = 13.6;
				MTL_ENABLE_DEBUG_INFO = NO;
				MTL_FAST_MATH = YES;
				SDKROOT = iphoneos;
				SWIFT_COMPILATION_MODE = wholemodule;
				SWIFT_OPTIMIZATION_LEVEL = "-O";
				VALIDATE_PRODUCT = YES;
			};
			name = Release;
		};
		CB50F19A24E91C910039FAB3 /* Debug */ = {
			isa = XCBuildConfiguration;
			buildSettings = {
				ASSETCATALOG_COMPILER_APPICON_NAME = AppIcon;
				CODE_SIGN_STYLE = Automatic;
				DEVELOPMENT_ASSET_PATHS = "";
				DEVELOPMENT_TEAM = P3VKCDARX4;
				ENABLE_PREVIEWS = YES;
				INFOPLIST_FILE = "cs193p-swiftui/Info.plist";
				LD_RUNPATH_SEARCH_PATHS = (
					"$(inherited)",
					"@executable_path/Frameworks",
				);
				PRODUCT_BUNDLE_IDENTIFIER = "one.beagile.cs193p-swiftui";
				PRODUCT_NAME = "cs193p-swiftui";
				SWIFT_VERSION = 5.0;
				TARGETED_DEVICE_FAMILY = "1,2";
			};
			name = Debug;
		};
		CB50F19B24E91C910039FAB3 /* Release */ = {
			isa = XCBuildConfiguration;
			buildSettings = {
				ASSETCATALOG_COMPILER_APPICON_NAME = AppIcon;
				CODE_SIGN_STYLE = Automatic;
				DEVELOPMENT_ASSET_PATHS = "";
				DEVELOPMENT_TEAM = P3VKCDARX4;
				ENABLE_PREVIEWS = YES;
				INFOPLIST_FILE = "cs193p-swiftui/Info.plist";
				LD_RUNPATH_SEARCH_PATHS = (
					"$(inherited)",
					"@executable_path/Frameworks",
				);
				PRODUCT_BUNDLE_IDENTIFIER = "one.beagile.cs193p-swiftui";
				PRODUCT_NAME = "cs193p-swiftui";
				SWIFT_VERSION = 5.0;
				TARGETED_DEVICE_FAMILY = "1,2";
			};
			name = Release;
		};
/* End XCBuildConfiguration section */

/* Begin XCConfigurationList section */
		CB50F18024E91C8F0039FAB3 /* Build configuration list for PBXProject "cs193p-swiftui" */ = {
			isa = XCConfigurationList;
			buildConfigurations = (
				CB50F19724E91C910039FAB3 /* Debug */,
				CB50F19824E91C910039FAB3 /* Release */,
			);
			defaultConfigurationIsVisible = 0;
			defaultConfigurationName = Release;
		};
		CB50F19924E91C910039FAB3 /* Build configuration list for PBXNativeTarget "cs193p-swiftui" */ = {
			isa = XCConfigurationList;
			buildConfigurations = (
				CB50F19A24E91C910039FAB3 /* Debug */,
				CB50F19B24E91C910039FAB3 /* Release */,
			);
			defaultConfigurationIsVisible = 0;
			defaultConfigurationName = Release;
		};
/* End XCConfigurationList section */
	};
	rootObject = CB50F17D24E91C8F0039FAB3 /* Project object */;
}
